
Microsoft Visual Studio Solution File, Format Version 12.00
# Visual Studio Version 16
VisualStudioVersion = 16.0.30204.135
MinimumVisualStudioVersion = 10.0.40219.1
Project("{9A19103F-16F7-4668-BE54-9A1E7A4F7556}") = "OfdSharp", "OfdSharp\OfdSharp.csproj", "{B80B7F13-6C61-4B6B-878B-2B8EE46E6487}"
EndProject
Project("{9A19103F-16F7-4668-BE54-9A1E7A4F7556}") = "UnitTests", "UnitTests\UnitTests.csproj", "{EACF7D39-439C-4714-A37B-EC32A566D918}"
EndProject
Global
	GlobalSection(SolutionConfigurationPlatforms) = preSolution
		Debug|Any CPU = Debug|Any CPU
		Release|Any CPU = Release|Any CPU
	EndGlobalSection
	GlobalSection(ProjectConfigurationPlatforms) = postSolution
		{B80B7F13-6C61-4B6B-878B-2B8EE46E6487}.Debug|Any CPU.ActiveCfg = Debug|Any CPU
		{B80B7F13-6C61-4B6B-878B-2B8EE46E6487}.Debug|Any CPU.Build.0 = Debug|Any CPU
		{B80B7F13-6C61-4B6B-878B-2B8EE46E6487}.Release|Any CPU.ActiveCfg = Release|Any CPU
		{B80B7F13-6C61-4B6B-878B-2B8EE46E6487}.Release|Any CPU.Build.0 = Release|Any CPU
		{EACF7D39-439C-4714-A37B-EC32A566D918}.Debug|Any CPU.ActiveCfg = Debug|Any CPU
		{EACF7D39-439C-4714-A37B-EC32A566D918}.Debug|Any CPU.Build.0 = Debug|Any CPU
		{EACF7D39-439C-4714-A37B-EC32A566D918}.Release|Any CPU.ActiveCfg = Release|Any CPU
		{EACF7D39-439C-4714-A37B-EC32A566D918}.Release|Any CPU.Build.0 = Release|Any CPU
	EndGlobalSection
	GlobalSection(SolutionProperties) = preSolution
		HideSolutionNode = FALSE
	EndGlobalSection
	GlobalSection(ExtensibilityGlobals) = postSolution
		SolutionGuid = {9E57FCFA-FE22-40F5-95F7-E2B2AEA20418}
	EndGlobalSection
EndGlobal
